<Solution>
  <Folder Name="/Solution Items/">
    <File Path="compose.yaml" />
  </Folder>
  <Folder Name="/src/">
    <Project Path="src/Onlyspans.Worker.Api/Onlyspans.Worker.Api.csproj" />
  </Folder>
  <Folder Name="/tests/">
    <Project Path="tests/Onlyspans.Worker.Api.Tests/Onlyspans.Worker.Api.Tests.csproj" />
  </Folder>
</Solution>
